
Microsoft Visual Studio Solution File, Format Version 12.00
# Visual Studio Version 16
VisualStudioVersion = 16.0.30907.101
MinimumVisualStudioVersion = 10.0.40219.1
Project("{8BC9CEB8-8B4A-11D0-8D11-00A0C91BC942}") = "Project vowels", "Project vowels\Project vowels.vcxproj", "{76F69002-BEC1-4366-A5BF-D276361795D7}"
EndProject
Global
	GlobalSection(SolutionConfigurationPlatforms) = preSolution
		Debug|x64 = Debug|x64
		Debug|x86 = Debug|x86
		Release|x64 = Release|x64
		Release|x86 = Release|x86
	EndGlobalSection
	GlobalSection(ProjectConfigurationPlatforms) = postSolution
		{76F69002-BEC1-4366-A5BF-D276361795D7}.Debug|x64.ActiveCfg = Debug|x64
		{76F69002-BEC1-4366-A5BF-D276361795D7}.Debug|x64.Build.0 = Debug|x64
		{76F69002-BEC1-4366-A5BF-D276361795D7}.Debug|x86.ActiveCfg = Debug|Win32
		{76F69002-BEC1-4366-A5BF-D276361795D7}.Debug|x86.Build.0 = Debug|Win32
		{76F69002-BEC1-4366-A5BF-D276361795D7}.Release|x64.ActiveCfg = Release|x64
		{76F69002-BEC1-4366-A5BF-D276361795D7}.Release|x64.Build.0 = Release|x64
		{76F69002-BEC1-4366-A5BF-D276361795D7}.Release|x86.ActiveCfg = Release|Win32
		{76F69002-BEC1-4366-A5BF-D276361795D7}.Release|x86.Build.0 = Release|Win32
	EndGlobalSection
	GlobalSection(SolutionProperties) = preSolution
		HideSolutionNode = FALSE
	EndGlobalSection
	GlobalSection(ExtensibilityGlobals) = postSolution
		SolutionGuid = {37E57BE0-1307-4E42-B2E2-4797141AC492}
	EndGlobalSection
EndGlobal
